
Microsoft Visual Studio Solution File, Format Version 12.00
# Visual Studio 14
VisualStudioVersion = 14.0.25420.1
MinimumVisualStudioVersion = 10.0.40219.1
Project("{FAE04EC0-301F-11D3-BF4B-00C04F79EFBC}") = "MiAgenda", "MiAgenda\MiAgenda.csproj", "{B551B923-361F-4763-9F17-C1BA1ABEDCF5}"
EndProject
Global
	GlobalSection(SolutionConfigurationPlatforms) = preSolution
		Debug|Any CPU = Debug|Any CPU
		Release|Any CPU = Release|Any CPU
	EndGlobalSection
	GlobalSection(ProjectConfigurationPlatforms) = postSolution
		{B551B923-361F-4763-9F17-C1BA1ABEDCF5}.Debug|Any CPU.ActiveCfg = Debug|Any CPU
		{B551B923-361F-4763-9F17-C1BA1ABEDCF5}.Debug|Any CPU.Build.0 = Debug|Any CPU
		{B551B923-361F-4763-9F17-C1BA1ABEDCF5}.Release|Any CPU.ActiveCfg = Release|Any CPU
		{B551B923-361F-4763-9F17-C1BA1ABEDCF5}.Release|Any CPU.Build.0 = Release|Any CPU
	EndGlobalSection
	GlobalSection(SolutionProperties) = preSolution
		HideSolutionNode = FALSE
	EndGlobalSection
	GlobalSection(ExtensibilityGlobals) = postSolution
		SolutionGuid = {2B48B3AD-BEF6-46DD-BB47-C916A8C1D03C}
	EndGlobalSection
EndGlobal
